
Microsoft Visual Studio Solution File, Format Version 12.00
# Visual Studio Version 17
VisualStudioVersion = 17.13.35825.156
MinimumVisualStudioVersion = 10.0.40219.1
Project("{FAE04EC0-301F-11D3-BF4B-00C04F79EFBC}") = "TechChallenge.Services.InvoiceService", "TechChallenge.Services.InvoiceService\TechChallenge.Services.InvoiceService.csproj", "{BF657A60-9E4E-4474-A0C2-A344C295EE6E}"
EndProject
Project("{FAE04EC0-301F-11D3-BF4B-00C04F79EFBC}") = "TechChallenge.Services.InvoiceService.Tests", "TechChallenge.Services.InvoiceService.Tests\TechChallenge.Services.InvoiceService.Tests.csproj", "{8FA26CBA-00B7-4E05-A4F8-5B2DC7A5F219}"
EndProject
Project("{FAE04EC0-301F-11D3-BF4B-00C04F79EFBC}") = "TechChallenge.Common.DTO", "TechChallenge.Common.DTO\TechChallenge.Common.DTO.csproj", "{E6DCBD6A-80AA-4699-90D6-D48D60B3DFA2}"
EndProject
Project("{2150E333-8FDC-42A3-9474-1A3956D46DE8}") = "Projektmappenelemente", "Projektmappenelemente", "{84D27F74-D2BA-6C25-2661-968F101900D9}"
	ProjectSection(SolutionItems) = preProject
		.dockerignore = .dockerignore
		.gitignore = .gitignore
		LICENSE = LICENSE
		README.md = README.md
	EndProjectSection
EndProject
Project("{FAE04EC0-301F-11D3-BF4B-00C04F79EFBC}") = "TechChallenge.Common.Repositories", "TechChallenge.Common.Repositories\TechChallenge.Common.Repositories.csproj", "{4B8F27B9-DF2A-4B2E-90FC-5DA9D39E5998}"
EndProject
Global
	GlobalSection(SolutionConfigurationPlatforms) = preSolution
		Debug|Any CPU = Debug|Any CPU
		Release|Any CPU = Release|Any CPU
	EndGlobalSection
	GlobalSection(ProjectConfigurationPlatforms) = postSolution
		{BF657A60-9E4E-4474-A0C2-A344C295EE6E}.Debug|Any CPU.ActiveCfg = Debug|Any CPU
		{BF657A60-9E4E-4474-A0C2-A344C295EE6E}.Debug|Any CPU.Build.0 = Debug|Any CPU
		{BF657A60-9E4E-4474-A0C2-A344C295EE6E}.Release|Any CPU.ActiveCfg = Release|Any CPU
		{BF657A60-9E4E-4474-A0C2-A344C295EE6E}.Release|Any CPU.Build.0 = Release|Any CPU
		{8FA26CBA-00B7-4E05-A4F8-5B2DC7A5F219}.Debug|Any CPU.ActiveCfg = Debug|Any CPU
		{8FA26CBA-00B7-4E05-A4F8-5B2DC7A5F219}.Debug|Any CPU.Build.0 = Debug|Any CPU
		{8FA26CBA-00B7-4E05-A4F8-5B2DC7A5F219}.Release|Any CPU.ActiveCfg = Release|Any CPU
		{8FA26CBA-00B7-4E05-A4F8-5B2DC7A5F219}.Release|Any CPU.Build.0 = Release|Any CPU
		{E6DCBD6A-80AA-4699-90D6-D48D60B3DFA2}.Debug|Any CPU.ActiveCfg = Debug|Any CPU
		{E6DCBD6A-80AA-4699-90D6-D48D60B3DFA2}.Debug|Any CPU.Build.0 = Debug|Any CPU
		{E6DCBD6A-80AA-4699-90D6-D48D60B3DFA2}.Release|Any CPU.ActiveCfg = Release|Any CPU
		{E6DCBD6A-80AA-4699-90D6-D48D60B3DFA2}.Release|Any CPU.Build.0 = Release|Any CPU
		{4B8F27B9-DF2A-4B2E-90FC-5DA9D39E5998}.Debug|Any CPU.ActiveCfg = Debug|Any CPU
		{4B8F27B9-DF2A-4B2E-90FC-5DA9D39E5998}.Debug|Any CPU.Build.0 = Debug|Any CPU
		{4B8F27B9-DF2A-4B2E-90FC-5DA9D39E5998}.Release|Any CPU.ActiveCfg = Release|Any CPU
		{4B8F27B9-DF2A-4B2E-90FC-5DA9D39E5998}.Release|Any CPU.Build.0 = Release|Any CPU
	EndGlobalSection
	GlobalSection(SolutionProperties) = preSolution
		HideSolutionNode = FALSE
	EndGlobalSection
	GlobalSection(ExtensibilityGlobals) = postSolution
		SolutionGuid = {D9628963-9ECC-459A-9E48-797B4BBE10D6}
	EndGlobalSection
EndGlobal
